
Microsoft Visual Studio Solution File, Format Version 12.00
# Visual Studio Version 17
VisualStudioVersion = 17.2.32630.192
MinimumVisualStudioVersion = 10.0.40219.1
Project("{FAE04EC0-301F-11D3-BF4B-00C04F79EFBC}") = "YonkoBanking", "YonkoBanking\YonkoBanking.csproj", "{910C53B4-C1E0-416C-A4F4-B962197BF91C}"
EndProject
Global
	GlobalSection(SolutionConfigurationPlatforms) = preSolution
		Debug|Any CPU = Debug|Any CPU
		Release|Any CPU = Release|Any CPU
	EndGlobalSection
	GlobalSection(ProjectConfigurationPlatforms) = postSolution
		{910C53B4-C1E0-416C-A4F4-B962197BF91C}.Debug|Any CPU.ActiveCfg = Debug|Any CPU
		{910C53B4-C1E0-416C-A4F4-B962197BF91C}.Debug|Any CPU.Build.0 = Debug|Any CPU
		{910C53B4-C1E0-416C-A4F4-B962197BF91C}.Release|Any CPU.ActiveCfg = Release|Any CPU
		{910C53B4-C1E0-416C-A4F4-B962197BF91C}.Release|Any CPU.Build.0 = Release|Any CPU
	EndGlobalSection
	GlobalSection(SolutionProperties) = preSolution
		HideSolutionNode = FALSE
	EndGlobalSection
	GlobalSection(ExtensibilityGlobals) = postSolution
		SolutionGuid = {637FCA84-3ABA-45F3-A37E-C7D6B88CA059}
	EndGlobalSection
EndGlobal
